<?xml version="1.0" encoding="utf-8"?>
<Project ToolsVersion="17.0" xmlns="http://schemas.microsoft.com/developer/msbuild/2003">
  <ItemGroup>
    <ClCompile Include="D:\DATA\Romain\Documents\Dev\ExpressionDetector\ExpressionDetector_autogen\mocs_compilation_Debug.cpp">
      <Filter>Source Files</Filter>
    </ClCompile>
    <ClCompile Include="D:\DATA\Romain\Documents\Dev\ExpressionDetector\src\ExpressionDetector.cpp">
      <Filter>Source Files</Filter>
    </ClCompile>
    <ClCompile Include="D:\DATA\Romain\Documents\Dev\ExpressionDetector\src\FaceDetection.cpp">
      <Filter>Source Files</Filter>
    </ClCompile>
    <ClCompile Include="D:\DATA\Romain\Documents\Dev\ExpressionDetector\src\ImageManager.cpp">
      <Filter>Source Files</Filter>
    </ClCompile>
    <ClCompile Include="D:\DATA\Romain\Documents\Dev\ExpressionDetector\src\main.cpp">
      <Filter>Source Files</Filter>
    </ClCompile>
    <ClCompile Include="D:\DATA\Romain\Documents\Dev\ExpressionDetector\ExpressionDetector_autogen\mocs_compilation_Release.cpp">
      <Filter>Source Files</Filter>
    </ClCompile>
    <ClCompile Include="D:\DATA\Romain\Documents\Dev\ExpressionDetector\ExpressionDetector_autogen\mocs_compilation_MinSizeRel.cpp">
      <Filter>Source Files</Filter>
    </ClCompile>
    <ClCompile Include="D:\DATA\Romain\Documents\Dev\ExpressionDetector\ExpressionDetector_autogen\mocs_compilation_RelWithDebInfo.cpp">
      <Filter>Source Files</Filter>
    </ClCompile>
  </ItemGroup>
  <ItemGroup>
    <ClInclude Include="D:\DATA\Romain\Documents\Dev\ExpressionDetector\src\ExpressionDetector.hpp">
      <Filter>Header Files</Filter>
    </ClInclude>
    <ClInclude Include="D:\DATA\Romain\Documents\Dev\ExpressionDetector\src\FaceDetection.hpp">
      <Filter>Header Files</Filter>
    </ClInclude>
    <ClInclude Include="D:\DATA\Romain\Documents\Dev\ExpressionDetector\src\ImageManager.hpp">
      <Filter>Header Files</Filter>
    </ClInclude>
  </ItemGroup>
  <ItemGroup>
    <CustomBuild Include="D:\DATA\Romain\Documents\Dev\ExpressionDetector\CMakeLists.txt" />
  </ItemGroup>
  <ItemGroup>
    <Image Include="D:\DATA\Romain\Documents\Dev\ExpressionDetector\style\images\radiobutton-checked-indicator.png">
      <Filter>Resources</Filter>
    </Image>
    <Image Include="D:\DATA\Romain\Documents\Dev\ExpressionDetector\style\images\radiobutton-disabled-indicator.png">
      <Filter>Resources</Filter>
    </Image>
  </ItemGroup>
  <ItemGroup>
    <None Include="D:\DATA\Romain\Documents\Dev\ExpressionDetector\style\ExpressionDetector.stylesheet" />
  </ItemGroup>
  <ItemGroup>
    <XML Include="D:\DATA\Romain\Documents\Dev\ExpressionDetector\data\haarcascades\haarcascade_frontalface_alt.xml" />
    <XML Include="D:\DATA\Romain\Documents\Dev\ExpressionDetector\data\haarcascades\haarcascade_frontalface_default.xml" />
  </ItemGroup>
  <ItemGroup>
    <Filter Include="Header Files">
      <UniqueIdentifier>{58CC5074-3B00-3F9D-B17D-91CCB8EDCE79}</UniqueIdentifier>
    </Filter>
    <Filter Include="Resources">
      <UniqueIdentifier>{87D37681-BED0-3C5A-90C5-50A5DFB70478}</UniqueIdentifier>
    </Filter>
    <Filter Include="Source Files">
      <UniqueIdentifier>{5D1F4BF7-1170-39EB-9021-223AEC25E1D8}</UniqueIdentifier>
    </Filter>
  </ItemGroup>
</Project>
