
Microsoft Visual Studio Solution File, Format Version 12.00
# Visual Studio Version 17
Project("{2150E333-8FDC-42A3-9474-1A3956D46DE8}") = "CMakePredefinedTargets", "CMakePredefinedTargets", "{81C2F113-907B-39DE-B687-1FDCACCEF0C8}"
EndProject
Project("{8BC9CEB8-8B4A-11D0-8D11-00A0C91BC942}") = "ALL_BUILD", "ALL_BUILD.vcxproj", "{1166A595-DB0D-3ECD-9DB7-104CB9F81251}"
	ProjectSection(ProjectDependencies) = postProject
		{9BB3F2FA-777F-36CF-BBD0-C76F8876B9EB} = {9BB3F2FA-777F-36CF-BBD0-C76F8876B9EB}
		{70934AD4-AF1A-3660-AC02-377A54F93C0C} = {70934AD4-AF1A-3660-AC02-377A54F93C0C}
	EndProjectSection
EndProject
Project("{8BC9CEB8-8B4A-11D0-8D11-00A0C91BC942}") = "ExpressionDetector", "ExpressionDetector.vcxproj", "{9BB3F2FA-777F-36CF-BBD0-C76F8876B9EB}"
	ProjectSection(ProjectDependencies) = postProject
		{70934AD4-AF1A-3660-AC02-377A54F93C0C} = {70934AD4-AF1A-3660-AC02-377A54F93C0C}
	EndProjectSection
EndProject
Project("{8BC9CEB8-8B4A-11D0-8D11-00A0C91BC942}") = "ZERO_CHECK", "ZERO_CHECK.vcxproj", "{70934AD4-AF1A-3660-AC02-377A54F93C0C}"
	ProjectSection(ProjectDependencies) = postProject
	EndProjectSection
EndProject
Global
	GlobalSection(SolutionConfigurationPlatforms) = preSolution
		Debug|x64 = Debug|x64
		Release|x64 = Release|x64
		MinSizeRel|x64 = MinSizeRel|x64
		RelWithDebInfo|x64 = RelWithDebInfo|x64
	EndGlobalSection
	GlobalSection(ProjectConfigurationPlatforms) = postSolution
		{1166A595-DB0D-3ECD-9DB7-104CB9F81251}.Debug|x64.ActiveCfg = Debug|x64
		{1166A595-DB0D-3ECD-9DB7-104CB9F81251}.Release|x64.ActiveCfg = Release|x64
		{1166A595-DB0D-3ECD-9DB7-104CB9F81251}.MinSizeRel|x64.ActiveCfg = MinSizeRel|x64
		{1166A595-DB0D-3ECD-9DB7-104CB9F81251}.RelWithDebInfo|x64.ActiveCfg = RelWithDebInfo|x64
		{9BB3F2FA-777F-36CF-BBD0-C76F8876B9EB}.Debug|x64.ActiveCfg = Debug|x64
		{9BB3F2FA-777F-36CF-BBD0-C76F8876B9EB}.Debug|x64.Build.0 = Debug|x64
		{9BB3F2FA-777F-36CF-BBD0-C76F8876B9EB}.Release|x64.ActiveCfg = Release|x64
		{9BB3F2FA-777F-36CF-BBD0-C76F8876B9EB}.Release|x64.Build.0 = Release|x64
		{9BB3F2FA-777F-36CF-BBD0-C76F8876B9EB}.MinSizeRel|x64.ActiveCfg = MinSizeRel|x64
		{9BB3F2FA-777F-36CF-BBD0-C76F8876B9EB}.MinSizeRel|x64.Build.0 = MinSizeRel|x64
		{9BB3F2FA-777F-36CF-BBD0-C76F8876B9EB}.RelWithDebInfo|x64.ActiveCfg = RelWithDebInfo|x64
		{9BB3F2FA-777F-36CF-BBD0-C76F8876B9EB}.RelWithDebInfo|x64.Build.0 = RelWithDebInfo|x64
		{70934AD4-AF1A-3660-AC02-377A54F93C0C}.Debug|x64.ActiveCfg = Debug|x64
		{70934AD4-AF1A-3660-AC02-377A54F93C0C}.Debug|x64.Build.0 = Debug|x64
		{70934AD4-AF1A-3660-AC02-377A54F93C0C}.Release|x64.ActiveCfg = Release|x64
		{70934AD4-AF1A-3660-AC02-377A54F93C0C}.Release|x64.Build.0 = Release|x64
		{70934AD4-AF1A-3660-AC02-377A54F93C0C}.MinSizeRel|x64.ActiveCfg = MinSizeRel|x64
		{70934AD4-AF1A-3660-AC02-377A54F93C0C}.MinSizeRel|x64.Build.0 = MinSizeRel|x64
		{70934AD4-AF1A-3660-AC02-377A54F93C0C}.RelWithDebInfo|x64.ActiveCfg = RelWithDebInfo|x64
		{70934AD4-AF1A-3660-AC02-377A54F93C0C}.RelWithDebInfo|x64.Build.0 = RelWithDebInfo|x64
	EndGlobalSection
	GlobalSection(NestedProjects) = preSolution
		{1166A595-DB0D-3ECD-9DB7-104CB9F81251} = {81C2F113-907B-39DE-B687-1FDCACCEF0C8}
		{70934AD4-AF1A-3660-AC02-377A54F93C0C} = {81C2F113-907B-39DE-B687-1FDCACCEF0C8}
	EndGlobalSection
	GlobalSection(ExtensibilityGlobals) = postSolution
		SolutionGuid = {89161B30-0DAC-3031-88A1-C08662B29AF6}
	EndGlobalSection
	GlobalSection(ExtensibilityAddIns) = postSolution
	EndGlobalSection
EndGlobal
